
Microsoft Visual Studio Solution File, Format Version 12.00
# Visual Studio Version 17
VisualStudioVersion = 17.9.34728.123
MinimumVisualStudioVersion = 10.0.40219.1
Project("{9A19103F-16F7-4668-BE54-9A1E7A4F7556}") = "BreakdownTracker.API", "BreakdownTracker.API\BreakdownTracker.API.csproj", "{8BE99932-D3C8-415E-BB22-CDE014B80619}"
EndProject
Project("{9A19103F-16F7-4668-BE54-9A1E7A4F7556}") = "BreakdownTracker.Infrastructure", "BreakdownTracker.Infrastructure\BreakdownTracker.Infrastructure.csproj", "{3DC2F80C-3AD2-49BB-B5F7-AB1EED89284F}"
EndProject
Project("{FAE04EC0-301F-11D3-BF4B-00C04F79EFBC}") = "BreakdownTracker.Domain", "BreakdownTracker.Domain\BreakdownTracker.Domain.csproj", "{7F288B37-19A5-41E7-B728-E4E5D530B91D}"
EndProject
Project("{FAE04EC0-301F-11D3-BF4B-00C04F79EFBC}") = "BreakdownTracker.Application", "BreakdownTracker.Application\BreakdownTracker.Application.csproj", "{2D2AF77A-7DBA-4773-A557-BF8ED24CD8B0}"
EndProject
Global
	GlobalSection(SolutionConfigurationPlatforms) = preSolution
		Debug|Any CPU = Debug|Any CPU
		Release|Any CPU = Release|Any CPU
	EndGlobalSection
	GlobalSection(ProjectConfigurationPlatforms) = postSolution
		{8BE99932-D3C8-415E-BB22-CDE014B80619}.Debug|Any CPU.ActiveCfg = Debug|Any CPU
		{8BE99932-D3C8-415E-BB22-CDE014B80619}.Debug|Any CPU.Build.0 = Debug|Any CPU
		{8BE99932-D3C8-415E-BB22-CDE014B80619}.Release|Any CPU.ActiveCfg = Release|Any CPU
		{8BE99932-D3C8-415E-BB22-CDE014B80619}.Release|Any CPU.Build.0 = Release|Any CPU
		{3DC2F80C-3AD2-49BB-B5F7-AB1EED89284F}.Debug|Any CPU.ActiveCfg = Debug|Any CPU
		{3DC2F80C-3AD2-49BB-B5F7-AB1EED89284F}.Debug|Any CPU.Build.0 = Debug|Any CPU
		{3DC2F80C-3AD2-49BB-B5F7-AB1EED89284F}.Release|Any CPU.ActiveCfg = Release|Any CPU
		{3DC2F80C-3AD2-49BB-B5F7-AB1EED89284F}.Release|Any CPU.Build.0 = Release|Any CPU
		{7F288B37-19A5-41E7-B728-E4E5D530B91D}.Debug|Any CPU.ActiveCfg = Debug|Any CPU
		{7F288B37-19A5-41E7-B728-E4E5D530B91D}.Debug|Any CPU.Build.0 = Debug|Any CPU
		{7F288B37-19A5-41E7-B728-E4E5D530B91D}.Release|Any CPU.ActiveCfg = Release|Any CPU
		{7F288B37-19A5-41E7-B728-E4E5D530B91D}.Release|Any CPU.Build.0 = Release|Any CPU
		{2D2AF77A-7DBA-4773-A557-BF8ED24CD8B0}.Debug|Any CPU.ActiveCfg = Debug|Any CPU
		{2D2AF77A-7DBA-4773-A557-BF8ED24CD8B0}.Debug|Any CPU.Build.0 = Debug|Any CPU
		{2D2AF77A-7DBA-4773-A557-BF8ED24CD8B0}.Release|Any CPU.ActiveCfg = Release|Any CPU
		{2D2AF77A-7DBA-4773-A557-BF8ED24CD8B0}.Release|Any CPU.Build.0 = Release|Any CPU
	EndGlobalSection
	GlobalSection(SolutionProperties) = preSolution
		HideSolutionNode = FALSE
	EndGlobalSection
	GlobalSection(ExtensibilityGlobals) = postSolution
		SolutionGuid = {CE05DB59-B189-42FB-83D9-D38E01436D6D}
	EndGlobalSection
EndGlobal
